{
  "name": "UbuntuScripts",
  "version": "1.0.0",
  "lockfileVersion": 3,
  "requires": true,
  "packages": {
    "": {
      "name": "UbuntuScripts",
      "version": "1.0.0",
      "license": "MIT",
      "devDependencies": {
        "conventional-changelog-conventionalcommits": "^9.3.1",
        "czg": "^1.13.1",
        "prettier": "^3.8.4",
        "simple-git-hooks": "^2.13.1"
      }
    },
    "node_modules/array-ify": {
      "version": "1.0.0",
      "resolved": "https://registry.npmjs.org/array-ify/-/array-ify-1.0.0.tgz",
      "integrity": "sha512-c5AMf34bKdvPhQ7tBGhqkgKNUzMr4WUs+WDtC2ZUGOUncbxKMTvqxYctiseW3+L4bA8ec+GcZ6/A/FW4m8ukng==",
      "dev": true,
      "license": "MIT"
    },
    "node_modules/compare-func": {
      "version": "2.0.0",
      "resolved": "https://registry.npmjs.org/compare-func/-/compare-func-2.0.0.tgz",
      "integrity": "sha512-zHig5N+tPWARooBnb0Zx1MFcdfpyJrfTJ3Y5L+IFvUm8rM74hHz66z0gw0x4tijh5CorKkKUCnW82R2vmpeCRA==",
      "dev": true,
      "license": "MIT",
      "dependencies": {
        "array-ify": "^1.0.0",
        "dot-prop": "^5.1.0"
      }
    },
    "node_modules/conventional-changelog-conventionalcommits": {
      "version": "9.3.1",
      "resolved": "https://registry.npmjs.org/conventional-changelog-conventionalcommits/-/conventional-changelog-conventionalcommits-9.3.1.tgz",
      "integrity": "sha512-dTYtpIacRpcZgrvBYvBfArMmK2xvIpv2TaxM0/ZI5CBtNUzvF2x0t15HsbRABWprS6UPmvj+PzHVjSx4qAVKyw==",
      "dev": true,
      "license": "ISC",
      "dependencies": {
        "compare-func": "^2.0.0"
      },
      "engines": {
        "node": ">=18"
      }
    },
    "node_modules/czg": {
      "version": "1.13.1",
      "resolved": "https://registry.npmjs.org/czg/-/czg-1.13.1.tgz",
      "integrity": "sha512-mCfY4bCAMAdaFSlrQwtUTChzFAv59kD/y2leX5+C7X9inu0mt/VkHT7gkbzwcToh26oJaOaYPA9lcXUX92/6cw==",
      "dev": true,
      "license": "MIT",
      "bin": {
        "czg": "bin/index.js",
        "git-czg": "bin/index.js"
      },
      "engines": {
        "node": ">=v12.20.0"
      }
    },
    "node_modules/dot-prop": {
      "version": "5.3.0",
      "resolved": "https://registry.npmjs.org/dot-prop/-/dot-prop-5.3.0.tgz",
      "integrity": "sha512-QM8q3zDe58hqUqjraQOmzZ1LIH9SWQJTlEKCH4kJ2oQvLZk7RbQXvtDM2XEq3fwkV9CCvvH4LA0AV+ogFsBM2Q==",
      "dev": true,
      "license": "MIT",
      "dependencies": {
        "is-obj": "^2.0.0"
      },
      "engines": {
        "node": ">=8"
      }
    },
    "node_modules/is-obj": {
      "version": "2.0.0",
      "resolved": "https://registry.npmjs.org/is-obj/-/is-obj-2.0.0.tgz",
      "integrity": "sha512-drqDG3cbczxxEJRoOXcOjtdp1J/lyp1mNn0xaznRs8+muBhgQcrnbspox5X5fOw0HnMnbfDzvnEMEtqDEJEo8w==",
      "dev": true,
      "license": "MIT",
      "engines": {
        "node": ">=8"
      }
    },
    "node_modules/prettier": {
      "version": "3.8.4",
      "resolved": "https://registry.npmjs.org/prettier/-/prettier-3.8.4.tgz",
      "integrity": "sha512-N2MylSdi48+5N/6S5j+maeHbUSIzzZ5uOcX5Hm4QpV8Dkb1HFjfAKTKX6yNPJQD9AhcT3ifHNB66tWTTJDi11Q==",
      "dev": true,
      "license": "MIT",
      "bin": {
        "prettier": "bin/prettier.cjs"
      },
      "engines": {
        "node": ">=14"
      },
      "funding": {
        "url": "https://github.com/prettier/prettier?sponsor=1"
      }
    },
    "node_modules/simple-git-hooks": {
      "version": "2.13.1",
      "resolved": "https://registry.npmjs.org/simple-git-hooks/-/simple-git-hooks-2.13.1.tgz",
      "integrity": "sha512-WszCLXwT4h2k1ufIXAgsbiTOazqqevFCIncOuUBZJ91DdvWcC5+OFkluWRQPrcuSYd8fjq+o2y1QfWqYMoAToQ==",
      "dev": true,
      "hasInstallScript": true,
      "license": "MIT",
      "bin": {
        "simple-git-hooks": "cli.js"
      }
    }
  }
}
